// !$*UTF8*$!
{
	archiveVersion = 1;
	classes = {
	};
	objectVersion = 46;
	objects = {

/* Begin PBXBuildFile section */
		0310709E1D4C43320020F417 /* TesteLinhaViewController.swift in Sources */ = {isa = PBXBuildFile; fileRef = 0310709D1D4C43320020F417 /* TesteLinhaViewController.swift */; };
		03E927DF1D519BB800BBAF06 /* GTFSManager.swift in Sources */ = {isa = PBXBuildFile; fileRef = 03E927DE1D519BB800BBAF06 /* GTFSManager.swift */; };
		1D27F17D1D4F96EA00F896FA /* LineModel.swift in Sources */ = {isa = PBXBuildFile; fileRef = 1D27F17C1D4F96EA00F896FA /* LineModel.swift */; };
		1D7C20891D4FDFFC003CC408 /* GTFSAgency.swift in Sources */ = {isa = PBXBuildFile; fileRef = 1D7C20881D4FDFFC003CC408 /* GTFSAgency.swift */; };
		1D7C208B1D4FE238003CC408 /* GTFSRoute.swift in Sources */ = {isa = PBXBuildFile; fileRef = 1D7C208A1D4FE238003CC408 /* GTFSRoute.swift */; };
		1D7C208D1D4FEA24003CC408 /* GTFSFareRule.swift in Sources */ = {isa = PBXBuildFile; fileRef = 1D7C208C1D4FEA24003CC408 /* GTFSFareRule.swift */; };
		1D7C208F1D4FEAE4003CC408 /* GTFSFareAttribute.swift in Sources */ = {isa = PBXBuildFile; fileRef = 1D7C208E1D4FEAE4003CC408 /* GTFSFareAttribute.swift */; };
		1D7D94ED1D4BF4A100CEBB4A /* SPTransAPI.swift in Sources */ = {isa = PBXBuildFile; fileRef = 1D7D94EC1D4BF4A100CEBB4A /* SPTransAPI.swift */; };
		1DC24C0F1D4BD8A300ADF874 /* AppDelegate.swift in Sources */ = {isa = PBXBuildFile; fileRef = 1DC24C0E1D4BD8A300ADF874 /* AppDelegate.swift */; };
		1DC24C111D4BD8A300ADF874 /* ViewController.swift in Sources */ = {isa = PBXBuildFile; fileRef = 1DC24C101D4BD8A300ADF874 /* ViewController.swift */; };
		1DC24C141D4BD8A300ADF874 /* Main.storyboard in Resources */ = {isa = PBXBuildFile; fileRef = 1DC24C121D4BD8A300ADF874 /* Main.storyboard */; };
		1DC24C161D4BD8A300ADF874 /* Assets.xcassets in Resources */ = {isa = PBXBuildFile; fileRef = 1DC24C151D4BD8A300ADF874 /* Assets.xcassets */; };
		1DC24C191D4BD8A300ADF874 /* LaunchScreen.storyboard in Resources */ = {isa = PBXBuildFile; fileRef = 1DC24C171D4BD8A300ADF874 /* LaunchScreen.storyboard */; };
		1DC24C241D4BD8A300ADF874 /* sptransAPITests.swift in Sources */ = {isa = PBXBuildFile; fileRef = 1DC24C231D4BD8A300ADF874 /* sptransAPITests.swift */; };
		1DC24C2F1D4BD8A300ADF874 /* sptransAPIUITests.swift in Sources */ = {isa = PBXBuildFile; fileRef = 1DC24C2E1D4BD8A300ADF874 /* sptransAPIUITests.swift */; };
		1DEAD3BD1D5109EC006560F3 /* GTFSTrip.swift in Sources */ = {isa = PBXBuildFile; fileRef = 1DEAD3BC1D5109EC006560F3 /* GTFSTrip.swift */; };
		1DEAD3BF1D510B93006560F3 /* GTFSFrequency.swift in Sources */ = {isa = PBXBuildFile; fileRef = 1DEAD3BE1D510B93006560F3 /* GTFSFrequency.swift */; };
		1DEAD3C11D510CAE006560F3 /* GTFSCalendar.swift in Sources */ = {isa = PBXBuildFile; fileRef = 1DEAD3C01D510CAE006560F3 /* GTFSCalendar.swift */; };
		1DEAD3C31D510D63006560F3 /* GTFSCalendarDates.swift in Sources */ = {isa = PBXBuildFile; fileRef = 1DEAD3C21D510D63006560F3 /* GTFSCalendarDates.swift */; };
		1DEAD3C51D510E2A006560F3 /* GTFSShape.swift in Sources */ = {isa = PBXBuildFile; fileRef = 1DEAD3C41D510E2A006560F3 /* GTFSShape.swift */; };
		1DEAD3C71D510F54006560F3 /* GTFSStopTime.swift in Sources */ = {isa = PBXBuildFile; fileRef = 1DEAD3C61D510F54006560F3 /* GTFSStopTime.swift */; };
		1DEAD3C91D5110AE006560F3 /* GTFSStop.swift in Sources */ = {isa = PBXBuildFile; fileRef = 1DEAD3C81D5110AE006560F3 /* GTFSStop.swift */; };
		1DEAD3CB1D5111D4006560F3 /* GTFSTransfer.swift in Sources */ = {isa = PBXBuildFile; fileRef = 1DEAD3CA1D5111D4006560F3 /* GTFSTransfer.swift */; };
		1DEAD3CD1D51142A006560F3 /* GTFSParser.swift in Sources */ = {isa = PBXBuildFile; fileRef = 1DEAD3CC1D51142A006560F3 /* GTFSParser.swift */; };
		6815BACC69D251A38E552CAC /* Pods_sptransAPI.framework in Frameworks */ = {isa = PBXBuildFile; fileRef = C619FAD881ACD5E3265A99F4 /* Pods_sptransAPI.framework */; };
		BAA16D011D5609513AE6298D /* Pods_sptransAPIUITests.framework in Frameworks */ = {isa = PBXBuildFile; fileRef = 4639C554C45D5295E5B0FF45 /* Pods_sptransAPIUITests.framework */; };
		CEB357E96E9944DF150361F9 /* Pods_sptransAPITests.framework in Frameworks */ = {isa = PBXBuildFile; fileRef = A73783DC8AD28DEE4826E47F /* Pods_sptransAPITests.framework */; };
/* End PBXBuildFile section */

/* Begin PBXContainerItemProxy section */
		1DC24C201D4BD8A300ADF874 /* PBXContainerItemProxy */ = {
			isa = PBXContainerItemProxy;
			containerPortal = 1DC24C031D4BD8A300ADF874 /* Project object */;
			proxyType = 1;
			remoteGlobalIDString = 1DC24C0A1D4BD8A300ADF874;
			remoteInfo = sptransAPI;
		};
		1DC24C2B1D4BD8A300ADF874 /* PBXContainerItemProxy */ = {
			isa = PBXContainerItemProxy;
			containerPortal = 1DC24C031D4BD8A300ADF874 /* Project object */;
			proxyType = 1;
			remoteGlobalIDString = 1DC24C0A1D4BD8A300ADF874;
			remoteInfo = sptransAPI;
		};
/* End PBXContainerItemProxy section */

/* Begin PBXFileReference section */
		0310709D1D4C43320020F417 /* TesteLinhaViewController.swift */ = {isa = PBXFileReference; fileEncoding = 4; lastKnownFileType = sourcecode.swift; path = TesteLinhaViewController.swift; sourceTree = "<group>"; };
		03E927DE1D519BB800BBAF06 /* GTFSManager.swift */ = {isa = PBXFileReference; fileEncoding = 4; lastKnownFileType = sourcecode.swift; path = GTFSManager.swift; sourceTree = "<group>"; };
		1D27F17C1D4F96EA00F896FA /* LineModel.swift */ = {isa = PBXFileReference; fileEncoding = 4; lastKnownFileType = sourcecode.swift; path = LineModel.swift; sourceTree = "<group>"; };
		1D7C20881D4FDFFC003CC408 /* GTFSAgency.swift */ = {isa = PBXFileReference; fileEncoding = 4; lastKnownFileType = sourcecode.swift; path = GTFSAgency.swift; sourceTree = "<group>"; };
		1D7C208A1D4FE238003CC408 /* GTFSRoute.swift */ = {isa = PBXFileReference; fileEncoding = 4; lastKnownFileType = sourcecode.swift; path = GTFSRoute.swift; sourceTree = "<group>"; };
		1D7C208C1D4FEA24003CC408 /* GTFSFareRule.swift */ = {isa = PBXFileReference; fileEncoding = 4; lastKnownFileType = sourcecode.swift; path = GTFSFareRule.swift; sourceTree = "<group>"; };
		1D7C208E1D4FEAE4003CC408 /* GTFSFareAttribute.swift */ = {isa = PBXFileReference; fileEncoding = 4; lastKnownFileType = sourcecode.swift; path = GTFSFareAttribute.swift; sourceTree = "<group>"; };
		1D7D94EC1D4BF4A100CEBB4A /* SPTransAPI.swift */ = {isa = PBXFileReference; fileEncoding = 4; lastKnownFileType = sourcecode.swift; path = SPTransAPI.swift; sourceTree = "<group>"; };
		1DC24C0B1D4BD8A300ADF874 /* sptransAPI.app */ = {isa = PBXFileReference; explicitFileType = wrapper.application; includeInIndex = 0; path = sptransAPI.app; sourceTree = BUILT_PRODUCTS_DIR; };
		1DC24C0E1D4BD8A300ADF874 /* AppDelegate.swift */ = {isa = PBXFileReference; lastKnownFileType = sourcecode.swift; path = AppDelegate.swift; sourceTree = "<group>"; };
		1DC24C101D4BD8A300ADF874 /* ViewController.swift */ = {isa = PBXFileReference; lastKnownFileType = sourcecode.swift; path = ViewController.swift; sourceTree = "<group>"; };
		1DC24C131D4BD8A300ADF874 /* Base */ = {isa = PBXFileReference; lastKnownFileType = file.storyboard; name = Base; path = Base.lproj/Main.storyboard; sourceTree = "<group>"; };
		1DC24C151D4BD8A300ADF874 /* Assets.xcassets */ = {isa = PBXFileReference; lastKnownFileType = folder.assetcatalog; path = Assets.xcassets; sourceTree = "<group>"; };
		1DC24C181D4BD8A300ADF874 /* Base */ = {isa = PBXFileReference; lastKnownFileType = file.storyboard; name = Base; path = Base.lproj/LaunchScreen.storyboard; sourceTree = "<group>"; };
		1DC24C1A1D4BD8A300ADF874 /* Info.plist */ = {isa = PBXFileReference; lastKnownFileType = text.plist.xml; path = Info.plist; sourceTree = "<group>"; };
		1DC24C1F1D4BD8A300ADF874 /* sptransAPITests.xctest */ = {isa = PBXFileReference; explicitFileType = wrapper.cfbundle; includeInIndex = 0; path = sptransAPITests.xctest; sourceTree = BUILT_PRODUCTS_DIR; };
		1DC24C231D4BD8A300ADF874 /* sptransAPITests.swift */ = {isa = PBXFileReference; lastKnownFileType = sourcecode.swift; path = sptransAPITests.swift; sourceTree = "<group>"; };
		1DC24C251D4BD8A300ADF874 /* Info.plist */ = {isa = PBXFileReference; lastKnownFileType = text.plist.xml; path = Info.plist; sourceTree = "<group>"; };
		1DC24C2A1D4BD8A300ADF874 /* sptransAPIUITests.xctest */ = {isa = PBXFileReference; explicitFileType = wrapper.cfbundle; includeInIndex = 0; path = sptransAPIUITests.xctest; sourceTree = BUILT_PRODUCTS_DIR; };
		1DC24C2E1D4BD8A300ADF874 /* sptransAPIUITests.swift */ = {isa = PBXFileReference; lastKnownFileType = sourcecode.swift; path = sptransAPIUITests.swift; sourceTree = "<group>"; };
		1DC24C301D4BD8A300ADF874 /* Info.plist */ = {isa = PBXFileReference; lastKnownFileType = text.plist.xml; path = Info.plist; sourceTree = "<group>"; };
		1DEAD3BC1D5109EC006560F3 /* GTFSTrip.swift */ = {isa = PBXFileReference; fileEncoding = 4; lastKnownFileType = sourcecode.swift; path = GTFSTrip.swift; sourceTree = "<group>"; };
		1DEAD3BE1D510B93006560F3 /* GTFSFrequency.swift */ = {isa = PBXFileReference; fileEncoding = 4; lastKnownFileType = sourcecode.swift; path = GTFSFrequency.swift; sourceTree = "<group>"; };
		1DEAD3C01D510CAE006560F3 /* GTFSCalendar.swift */ = {isa = PBXFileReference; fileEncoding = 4; lastKnownFileType = sourcecode.swift; path = GTFSCalendar.swift; sourceTree = "<group>"; };
		1DEAD3C21D510D63006560F3 /* GTFSCalendarDates.swift */ = {isa = PBXFileReference; fileEncoding = 4; lastKnownFileType = sourcecode.swift; path = GTFSCalendarDates.swift; sourceTree = "<group>"; };
		1DEAD3C41D510E2A006560F3 /* GTFSShape.swift */ = {isa = PBXFileReference; fileEncoding = 4; lastKnownFileType = sourcecode.swift; path = GTFSShape.swift; sourceTree = "<group>"; };
		1DEAD3C61D510F54006560F3 /* GTFSStopTime.swift */ = {isa = PBXFileReference; fileEncoding = 4; lastKnownFileType = sourcecode.swift; path = GTFSStopTime.swift; sourceTree = "<group>"; };
		1DEAD3C81D5110AE006560F3 /* GTFSStop.swift */ = {isa = PBXFileReference; fileEncoding = 4; lastKnownFileType = sourcecode.swift; path = GTFSStop.swift; sourceTree = "<group>"; };
		1DEAD3CA1D5111D4006560F3 /* GTFSTransfer.swift */ = {isa = PBXFileReference; fileEncoding = 4; lastKnownFileType = sourcecode.swift; path = GTFSTransfer.swift; sourceTree = "<group>"; };
		1DEAD3CC1D51142A006560F3 /* GTFSParser.swift */ = {isa = PBXFileReference; fileEncoding = 4; lastKnownFileType = sourcecode.swift; path = GTFSParser.swift; sourceTree = "<group>"; };
		4639C554C45D5295E5B0FF45 /* Pods_sptransAPIUITests.framework */ = {isa = PBXFileReference; explicitFileType = wrapper.framework; includeInIndex = 0; path = Pods_sptransAPIUITests.framework; sourceTree = BUILT_PRODUCTS_DIR; };
		60DA05023B5B40D60B78179C /* Pods-sptransAPI.debug.xcconfig */ = {isa = PBXFileReference; includeInIndex = 1; lastKnownFileType = text.xcconfig; name = "Pods-sptransAPI.debug.xcconfig"; path = "Pods/Target Support Files/Pods-sptransAPI/Pods-sptransAPI.debug.xcconfig"; sourceTree = "<group>"; };
		875660FCD12FF9A1C10AB30B /* Pods-sptransAPITests.release.xcconfig */ = {isa = PBXFileReference; includeInIndex = 1; lastKnownFileType = text.xcconfig; name = "Pods-sptransAPITests.release.xcconfig"; path = "Pods/Target Support Files/Pods-sptransAPITests/Pods-sptransAPITests.release.xcconfig"; sourceTree = "<group>"; };
		9AE5DE68CD34802BBA32D249 /* Pods-sptransAPIUITests.release.xcconfig */ = {isa = PBXFileReference; includeInIndex = 1; lastKnownFileType = text.xcconfig; name = "Pods-sptransAPIUITests.release.xcconfig"; path = "Pods/Target Support Files/Pods-sptransAPIUITests/Pods-sptransAPIUITests.release.xcconfig"; sourceTree = "<group>"; };
		A73783DC8AD28DEE4826E47F /* Pods_sptransAPITests.framework */ = {isa = PBXFileReference; explicitFileType = wrapper.framework; includeInIndex = 0; path = Pods_sptransAPITests.framework; sourceTree = BUILT_PRODUCTS_DIR; };
		C3A1651F1E15276903383648 /* Pods-sptransAPITests.debug.xcconfig */ = {isa = PBXFileReference; includeInIndex = 1; lastKnownFileType = text.xcconfig; name = "Pods-sptransAPITests.debug.xcconfig"; path = "Pods/Target Support Files/Pods-sptransAPITests/Pods-sptransAPITests.debug.xcconfig"; sourceTree = "<group>"; };
		C619FAD881ACD5E3265A99F4 /* Pods_sptransAPI.framework */ = {isa = PBXFileReference; explicitFileType = wrapper.framework; includeInIndex = 0; path = Pods_sptransAPI.framework; sourceTree = BUILT_PRODUCTS_DIR; };
		F0CC1A0C0F971D370BBAA738 /* Pods-sptransAPI.release.xcconfig */ = {isa = PBXFileReference; includeInIndex = 1; lastKnownFileType = text.xcconfig; name = "Pods-sptransAPI.release.xcconfig"; path = "Pods/Target Support Files/Pods-sptransAPI/Pods-sptransAPI.release.xcconfig"; sourceTree = "<group>"; };
		FF3FDE94F5BD2D1EBD13BE51 /* Pods-sptransAPIUITests.debug.xcconfig */ = {isa = PBXFileReference; includeInIndex = 1; lastKnownFileType = text.xcconfig; name = "Pods-sptransAPIUITests.debug.xcconfig"; path = "Pods/Target Support Files/Pods-sptransAPIUITests/Pods-sptransAPIUITests.debug.xcconfig"; sourceTree = "<group>"; };
/* End PBXFileReference section */

/* Begin PBXFrameworksBuildPhase section */
		1DC24C081D4BD8A300ADF874 /* Frameworks */ = {
			isa = PBXFrameworksBuildPhase;
			buildActionMask = 2147483647;
			files = (
				6815BACC69D251A38E552CAC /* Pods_sptransAPI.framework in Frameworks */,
			);
			runOnlyForDeploymentPostprocessing = 0;
		};
		1DC24C1C1D4BD8A300ADF874 /* Frameworks */ = {
			isa = PBXFrameworksBuildPhase;
			buildActionMask = 2147483647;
			files = (
				CEB357E96E9944DF150361F9 /* Pods_sptransAPITests.framework in Frameworks */,
			);
			runOnlyForDeploymentPostprocessing = 0;
		};
		1DC24C271D4BD8A300ADF874 /* Frameworks */ = {
			isa = PBXFrameworksBuildPhase;
			buildActionMask = 2147483647;
			files = (
				BAA16D011D5609513AE6298D /* Pods_sptransAPIUITests.framework in Frameworks */,
			);
			runOnlyForDeploymentPostprocessing = 0;
		};
/* End PBXFrameworksBuildPhase section */

/* Begin PBXGroup section */
		0310709C1D4C42CD0020F417 /* ViewControllers */ = {
			isa = PBXGroup;
			children = (
				0310709D1D4C43320020F417 /* TesteLinhaViewController.swift */,
			);
			path = ViewControllers;
			sourceTree = "<group>";
		};
		1D27F17B1D4F96A200F896FA /* Models */ = {
			isa = PBXGroup;
			children = (
				1D27F1BE1D4FDE6D00F896FA /* GTFS Model */,
				1D27F17C1D4F96EA00F896FA /* LineModel.swift */,
			);
			path = Models;
			sourceTree = "<group>";
		};
		1D27F1BE1D4FDE6D00F896FA /* GTFS Model */ = {
			isa = PBXGroup;
			children = (
				1D7C20881D4FDFFC003CC408 /* GTFSAgency.swift */,
				1D7C208A1D4FE238003CC408 /* GTFSRoute.swift */,
				1D7C208C1D4FEA24003CC408 /* GTFSFareRule.swift */,
				1D7C208E1D4FEAE4003CC408 /* GTFSFareAttribute.swift */,
				1DEAD3BC1D5109EC006560F3 /* GTFSTrip.swift */,
				1DEAD3BE1D510B93006560F3 /* GTFSFrequency.swift */,
				1DEAD3C01D510CAE006560F3 /* GTFSCalendar.swift */,
				1DEAD3C21D510D63006560F3 /* GTFSCalendarDates.swift */,
				1DEAD3C41D510E2A006560F3 /* GTFSShape.swift */,
				1DEAD3C61D510F54006560F3 /* GTFSStopTime.swift */,
				1DEAD3C81D5110AE006560F3 /* GTFSStop.swift */,
				1DEAD3CA1D5111D4006560F3 /* GTFSTransfer.swift */,
			);
			path = "GTFS Model";
			sourceTree = "<group>";
		};
		1D7D94EA1D4BF3F400CEBB4A /* Helpers */ = {
			isa = PBXGroup;
			children = (
				1D7D94EC1D4BF4A100CEBB4A /* SPTransAPI.swift */,
				1DEAD3CC1D51142A006560F3 /* GTFSParser.swift */,
				03E927DE1D519BB800BBAF06 /* GTFSManager.swift */,
			);
			path = Helpers;
			sourceTree = "<group>";
		};
		1D7D94EB1D4BF40300CEBB4A /* Models */ = {
			isa = PBXGroup;
			children = (
			);
			name = Models;
			sourceTree = "<group>";
		};
		1DC24C021D4BD8A300ADF874 = {
			isa = PBXGroup;
			children = (
				1DC24C0D1D4BD8A300ADF874 /* sptransAPI */,
				1DC24C221D4BD8A300ADF874 /* sptransAPITests */,
				1DC24C2D1D4BD8A300ADF874 /* sptransAPIUITests */,
				1DC24C0C1D4BD8A300ADF874 /* Products */,
				877FD71DAB7D2080FDE84459 /* Pods */,
				F7BDB80450EFD44EF3976476 /* Frameworks */,
			);
			sourceTree = "<group>";
		};
		1DC24C0C1D4BD8A300ADF874 /* Products */ = {
			isa = PBXGroup;
			children = (
				1DC24C0B1D4BD8A300ADF874 /* sptransAPI.app */,
				1DC24C1F1D4BD8A300ADF874 /* sptransAPITests.xctest */,
				1DC24C2A1D4BD8A300ADF874 /* sptransAPIUITests.xctest */,
			);
			name = Products;
			sourceTree = "<group>";
		};
		1DC24C0D1D4BD8A300ADF874 /* sptransAPI */ = {
			isa = PBXGroup;
			children = (
				1D27F17B1D4F96A200F896FA /* Models */,
				0310709C1D4C42CD0020F417 /* ViewControllers */,
				1D7D94EA1D4BF3F400CEBB4A /* Helpers */,
				1D7D94EB1D4BF40300CEBB4A /* Models */,
				1DC24C0E1D4BD8A300ADF874 /* AppDelegate.swift */,
				1DC24C101D4BD8A300ADF874 /* ViewController.swift */,
				1DC24C121D4BD8A300ADF874 /* Main.storyboard */,
				1DC24C151D4BD8A300ADF874 /* Assets.xcassets */,
				1DC24C171D4BD8A300ADF874 /* LaunchScreen.storyboard */,
				1DC24C1A1D4BD8A300ADF874 /* Info.plist */,
			);
			path = sptransAPI;
			sourceTree = "<group>";
		};
		1DC24C221D4BD8A300ADF874 /* sptransAPITests */ = {
			isa = PBXGroup;
			children = (
				1DC24C231D4BD8A300ADF874 /* sptransAPITests.swift */,
				1DC24C251D4BD8A300ADF874 /* Info.plist */,
			);
			path = sptransAPITests;
			sourceTree = "<group>";
		};
		1DC24C2D1D4BD8A300ADF874 /* sptransAPIUITests */ = {
			isa = PBXGroup;
			children = (
				1DC24C2E1D4BD8A300ADF874 /* sptransAPIUITests.swift */,
				1DC24C301D4BD8A300ADF874 /* Info.plist */,
			);
			path = sptransAPIUITests;
			sourceTree = "<group>";
		};
		877FD71DAB7D2080FDE84459 /* Pods */ = {
			isa = PBXGroup;
			children = (
				60DA05023B5B40D60B78179C /* Pods-sptransAPI.debug.xcconfig */,
				F0CC1A0C0F971D370BBAA738 /* Pods-sptransAPI.release.xcconfig */,
				C3A1651F1E15276903383648 /* Pods-sptransAPITests.debug.xcconfig */,
				875660FCD12FF9A1C10AB30B /* Pods-sptransAPITests.release.xcconfig */,
				FF3FDE94F5BD2D1EBD13BE51 /* Pods-sptransAPIUITests.debug.xcconfig */,
				9AE5DE68CD34802BBA32D249 /* Pods-sptransAPIUITests.release.xcconfig */,
			);
			name = Pods;
			sourceTree = "<group>";
		};
		F7BDB80450EFD44EF3976476 /* Frameworks */ = {
			isa = PBXGroup;
			children = (
				C619FAD881ACD5E3265A99F4 /* Pods_sptransAPI.framework */,
				A73783DC8AD28DEE4826E47F /* Pods_sptransAPITests.framework */,
				4639C554C45D5295E5B0FF45 /* Pods_sptransAPIUITests.framework */,
			);
			name = Frameworks;
			sourceTree = "<group>";
		};
/* End PBXGroup section */

/* Begin PBXNativeTarget section */
		1DC24C0A1D4BD8A300ADF874 /* sptransAPI */ = {
			isa = PBXNativeTarget;
			buildConfigurationList = 1DC24C331D4BD8A300ADF874 /* Build configuration list for PBXNativeTarget "sptransAPI" */;
			buildPhases = (
				88C5A11D9DDC02D67CCD5C79 /* 📦 Check Pods Manifest.lock */,
				1DC24C071D4BD8A300ADF874 /* Sources */,
				1DC24C081D4BD8A300ADF874 /* Frameworks */,
				1DC24C091D4BD8A300ADF874 /* Resources */,
				58023A7B23A1E54CC158983A /* 📦 Embed Pods Frameworks */,
				B47DB23AC29BD5BB8ADF20A6 /* 📦 Copy Pods Resources */,
			);
			buildRules = (
			);
			dependencies = (
			);
			name = sptransAPI;
			productName = sptransAPI;
			productReference = 1DC24C0B1D4BD8A300ADF874 /* sptransAPI.app */;
			productType = "com.apple.product-type.application";
		};
		1DC24C1E1D4BD8A300ADF874 /* sptransAPITests */ = {
			isa = PBXNativeTarget;
			buildConfigurationList = 1DC24C361D4BD8A300ADF874 /* Build configuration list for PBXNativeTarget "sptransAPITests" */;
			buildPhases = (
				607B955414C875CBE5C3ABFC /* 📦 Check Pods Manifest.lock */,
				1DC24C1B1D4BD8A300ADF874 /* Sources */,
				1DC24C1C1D4BD8A300ADF874 /* Frameworks */,
				1DC24C1D1D4BD8A300ADF874 /* Resources */,
				5E7075909F83E095FDB426F7 /* 📦 Embed Pods Frameworks */,
				D1CC38FDF4C61B7165DE7019 /* 📦 Copy Pods Resources */,
			);
			buildRules = (
			);
			dependencies = (
				1DC24C211D4BD8A300ADF874 /* PBXTargetDependency */,
			);
			name = sptransAPITests;
			productName = sptransAPITests;
			productReference = 1DC24C1F1D4BD8A300ADF874 /* sptransAPITests.xctest */;
			productType = "com.apple.product-type.bundle.unit-test";
		};
		1DC24C291D4BD8A300ADF874 /* sptransAPIUITests */ = {
			isa = PBXNativeTarget;
			buildConfigurationList = 1DC24C391D4BD8A300ADF874 /* Build configuration list for PBXNativeTarget "sptransAPIUITests" */;
			buildPhases = (
				F06624F4C166AA9909B709CE /* 📦 Check Pods Manifest.lock */,
				1DC24C261D4BD8A300ADF874 /* Sources */,
				1DC24C271D4BD8A300ADF874 /* Frameworks */,
				1DC24C281D4BD8A300ADF874 /* Resources */,
				42DFE084295EE94B9738C061 /* 📦 Copy Pods Resources */,
			);
			buildRules = (
			);
			dependencies = (
				1DC24C2C1D4BD8A300ADF874 /* PBXTargetDependency */,
			);
			name = sptransAPIUITests;
			productName = sptransAPIUITests;
			productReference = 1DC24C2A1D4BD8A300ADF874 /* sptransAPIUITests.xctest */;
			productType = "com.apple.product-type.bundle.ui-testing";
		};
/* End PBXNativeTarget section */

/* Begin PBXProject section */
		1DC24C031D4BD8A300ADF874 /* Project object */ = {
			isa = PBXProject;
			attributes = {
				LastSwiftUpdateCheck = 0730;
				LastUpgradeCheck = 0730;
				ORGANIZATIONNAME = bienemann;
				TargetAttributes = {
					1DC24C0A1D4BD8A300ADF874 = {
						CreatedOnToolsVersion = 7.3.1;
					};
					1DC24C1E1D4BD8A300ADF874 = {
						CreatedOnToolsVersion = 7.3.1;
						TestTargetID = 1DC24C0A1D4BD8A300ADF874;
					};
					1DC24C291D4BD8A300ADF874 = {
						CreatedOnToolsVersion = 7.3.1;
						TestTargetID = 1DC24C0A1D4BD8A300ADF874;
					};
				};
			};
			buildConfigurationList = 1DC24C061D4BD8A300ADF874 /* Build configuration list for PBXProject "sptransAPI" */;
			compatibilityVersion = "Xcode 3.2";
			developmentRegion = English;
			hasScannedForEncodings = 0;
			knownRegions = (
				en,
				Base,
			);
			mainGroup = 1DC24C021D4BD8A300ADF874;
			productRefGroup = 1DC24C0C1D4BD8A300ADF874 /* Products */;
			projectDirPath = "";
			projectRoot = "";
			targets = (
				1DC24C0A1D4BD8A300ADF874 /* sptransAPI */,
				1DC24C1E1D4BD8A300ADF874 /* sptransAPITests */,
				1DC24C291D4BD8A300ADF874 /* sptransAPIUITests */,
			);
		};
/* End PBXProject section */

/* Begin PBXResourcesBuildPhase section */
		1DC24C091D4BD8A300ADF874 /* Resources */ = {
			isa = PBXResourcesBuildPhase;
			buildActionMask = 2147483647;
			files = (
				1DC24C191D4BD8A300ADF874 /* LaunchScreen.storyboard in Resources */,
				1DC24C161D4BD8A300ADF874 /* Assets.xcassets in Resources */,
				1DC24C141D4BD8A300ADF874 /* Main.storyboard in Resources */,
			);
			runOnlyForDeploymentPostprocessing = 0;
		};
		1DC24C1D1D4BD8A300ADF874 /* Resources */ = {
			isa = PBXResourcesBuildPhase;
			buildActionMask = 2147483647;
			files = (
			);
			runOnlyForDeploymentPostprocessing = 0;
		};
		1DC24C281D4BD8A300ADF874 /* Resources */ = {
			isa = PBXResourcesBuildPhase;
			buildActionMask = 2147483647;
			files = (
			);
			runOnlyForDeploymentPostprocessing = 0;
		};
/* End PBXResourcesBuildPhase section */

/* Begin PBXShellScriptBuildPhase section */
		42DFE084295EE94B9738C061 /* 📦 Copy Pods Resources */ = {
			isa = PBXShellScriptBuildPhase;
			buildActionMask = 2147483647;
			files = (
			);
			inputPaths = (
			);
			name = "📦 Copy Pods Resources";
			outputPaths = (
			);
			runOnlyForDeploymentPostprocessing = 0;
			shellPath = /bin/sh;
			shellScript = "\"${SRCROOT}/Pods/Target Support Files/Pods-sptransAPIUITests/Pods-sptransAPIUITests-resources.sh\"\n";
			showEnvVarsInLog = 0;
		};
		58023A7B23A1E54CC158983A /* 📦 Embed Pods Frameworks */ = {
			isa = PBXShellScriptBuildPhase;
			buildActionMask = 2147483647;
			files = (
			);
			inputPaths = (
			);
			name = "📦 Embed Pods Frameworks";
			outputPaths = (
			);
			runOnlyForDeploymentPostprocessing = 0;
			shellPath = /bin/sh;
			shellScript = "\"${SRCROOT}/Pods/Target Support Files/Pods-sptransAPI/Pods-sptransAPI-frameworks.sh\"\n";
			showEnvVarsInLog = 0;
		};
		5E7075909F83E095FDB426F7 /* 📦 Embed Pods Frameworks */ = {
			isa = PBXShellScriptBuildPhase;
			buildActionMask = 2147483647;
			files = (
			);
			inputPaths = (
			);
			name = "📦 Embed Pods Frameworks";
			outputPaths = (
			);
			runOnlyForDeploymentPostprocessing = 0;
			shellPath = /bin/sh;
			shellScript = "\"${SRCROOT}/Pods/Target Support Files/Pods-sptransAPITests/Pods-sptransAPITests-frameworks.sh\"\n";
			showEnvVarsInLog = 0;
		};
		607B955414C875CBE5C3ABFC /* 📦 Check Pods Manifest.lock */ = {
			isa = PBXShellScriptBuildPhase;
			buildActionMask = 2147483647;
			files = (
			);
			inputPaths = (
			);
			name = "📦 Check Pods Manifest.lock";
			outputPaths = (
			);
			runOnlyForDeploymentPostprocessing = 0;
			shellPath = /bin/sh;
			shellScript = "diff \"${PODS_ROOT}/../Podfile.lock\" \"${PODS_ROOT}/Manifest.lock\" > /dev/null\nif [[ $? != 0 ]] ; then\n    cat << EOM\nerror: The sandbox is not in sync with the Podfile.lock. Run 'pod install' or update your CocoaPods installation.\nEOM\n    exit 1\nfi\n";
			showEnvVarsInLog = 0;
		};
		88C5A11D9DDC02D67CCD5C79 /* 📦 Check Pods Manifest.lock */ = {
			isa = PBXShellScriptBuildPhase;
			buildActionMask = 2147483647;
			files = (
			);
			inputPaths = (
			);
			name = "📦 Check Pods Manifest.lock";
			outputPaths = (
			);
			runOnlyForDeploymentPostprocessing = 0;
			shellPath = /bin/sh;
			shellScript = "diff \"${PODS_ROOT}/../Podfile.lock\" \"${PODS_ROOT}/Manifest.lock\" > /dev/null\nif [[ $? != 0 ]] ; then\n    cat << EOM\nerror: The sandbox is not in sync with the Podfile.lock. Run 'pod install' or update your CocoaPods installation.\nEOM\n    exit 1\nfi\n";
			showEnvVarsInLog = 0;
		};
		B47DB23AC29BD5BB8ADF20A6 /* 📦 Copy Pods Resources */ = {
			isa = PBXShellScriptBuildPhase;
			buildActionMask = 2147483647;
			files = (
			);
			inputPaths = (
			);
			name = "📦 Copy Pods Resources";
			outputPaths = (
			);
			runOnlyForDeploymentPostprocessing = 0;
			shellPath = /bin/sh;
			shellScript = "\"${SRCROOT}/Pods/Target Support Files/Pods-sptransAPI/Pods-sptransAPI-resources.sh\"\n";
			showEnvVarsInLog = 0;
		};
		D1CC38FDF4C61B7165DE7019 /* 📦 Copy Pods Resources */ = {
			isa = PBXShellScriptBuildPhase;
			buildActionMask = 2147483647;
			files = (
			);
			inputPaths = (
			);
			name = "📦 Copy Pods Resources";
			outputPaths = (
			);
			runOnlyForDeploymentPostprocessing = 0;
			shellPath = /bin/sh;
			shellScript = "\"${SRCROOT}/Pods/Target Support Files/Pods-sptransAPITests/Pods-sptransAPITests-resources.sh\"\n";
			showEnvVarsInLog = 0;
		};
		F06624F4C166AA9909B709CE /* 📦 Check Pods Manifest.lock */ = {
			isa = PBXShellScriptBuildPhase;
			buildActionMask = 2147483647;
			files = (
			);
			inputPaths = (
			);
			name = "📦 Check Pods Manifest.lock";
			outputPaths = (
			);
			runOnlyForDeploymentPostprocessing = 0;
			shellPath = /bin/sh;
			shellScript = "diff \"${PODS_ROOT}/../Podfile.lock\" \"${PODS_ROOT}/Manifest.lock\" > /dev/null\nif [[ $? != 0 ]] ; then\n    cat << EOM\nerror: The sandbox is not in sync with the Podfile.lock. Run 'pod install' or update your CocoaPods installation.\nEOM\n    exit 1\nfi\n";
			showEnvVarsInLog = 0;
		};
/* End PBXShellScriptBuildPhase section */

/* Begin PBXSourcesBuildPhase section */
		1DC24C071D4BD8A300ADF874 /* Sources */ = {
			isa = PBXSourcesBuildPhase;
			buildActionMask = 2147483647;
			files = (
				1DEAD3CD1D51142A006560F3 /* GTFSParser.swift in Sources */,
				1D7C20891D4FDFFC003CC408 /* GTFSAgency.swift in Sources */,
				1DEAD3BF1D510B93006560F3 /* GTFSFrequency.swift in Sources */,
				1DC24C111D4BD8A300ADF874 /* ViewController.swift in Sources */,
				1DEAD3C91D5110AE006560F3 /* GTFSStop.swift in Sources */,
				0310709E1D4C43320020F417 /* TesteLinhaViewController.swift in Sources */,
				1DEAD3C71D510F54006560F3 /* GTFSStopTime.swift in Sources */,
				1D7C208B1D4FE238003CC408 /* GTFSRoute.swift in Sources */,
				1DEAD3C31D510D63006560F3 /* GTFSCalendarDates.swift in Sources */,
				1DEAD3CB1D5111D4006560F3 /* GTFSTransfer.swift in Sources */,
				1DEAD3BD1D5109EC006560F3 /* GTFSTrip.swift in Sources */,
				1DEAD3C51D510E2A006560F3 /* GTFSShape.swift in Sources */,
				1D7D94ED1D4BF4A100CEBB4A /* SPTransAPI.swift in Sources */,
				1D7C208F1D4FEAE4003CC408 /* GTFSFareAttribute.swift in Sources */,
				1DC24C0F1D4BD8A300ADF874 /* AppDelegate.swift in Sources */,
				1D27F17D1D4F96EA00F896FA /* LineModel.swift in Sources */,
				03E927DF1D519BB800BBAF06 /* GTFSManager.swift in Sources */,
				1D7C208D1D4FEA24003CC408 /* GTFSFareRule.swift in Sources */,
				1DEAD3C11D510CAE006560F3 /* GTFSCalendar.swift in Sources */,
			);
			runOnlyForDeploymentPostprocessing = 0;
		};
		1DC24C1B1D4BD8A300ADF874 /* Sources */ = {
			isa = PBXSourcesBuildPhase;
			buildActionMask = 2147483647;
			files = (
				1DC24C241D4BD8A300ADF874 /* sptransAPITests.swift in Sources */,
			);
			runOnlyForDeploymentPostprocessing = 0;
		};
		1DC24C261D4BD8A300ADF874 /* Sources */ = {
			isa = PBXSourcesBuildPhase;
			buildActionMask = 2147483647;
			files = (
				1DC24C2F1D4BD8A300ADF874 /* sptransAPIUITests.swift in Sources */,
			);
			runOnlyForDeploymentPostprocessing = 0;
		};
/* End PBXSourcesBuildPhase section */

/* Begin PBXTargetDependency section */
		1DC24C211D4BD8A300ADF874 /* PBXTargetDependency */ = {
			isa = PBXTargetDependency;
			target = 1DC24C0A1D4BD8A300ADF874 /* sptransAPI */;
			targetProxy = 1DC24C201D4BD8A300ADF874 /* PBXContainerItemProxy */;
		};
		1DC24C2C1D4BD8A300ADF874 /* PBXTargetDependency */ = {
			isa = PBXTargetDependency;
			target = 1DC24C0A1D4BD8A300ADF874 /* sptransAPI */;
			targetProxy = 1DC24C2B1D4BD8A300ADF874 /* PBXContainerItemProxy */;
		};
/* End PBXTargetDependency section */

/* Begin PBXVariantGroup section */
		1DC24C121D4BD8A300ADF874 /* Main.storyboard */ = {
			isa = PBXVariantGroup;
			children = (
				1DC24C131D4BD8A300ADF874 /* Base */,
			);
			name = Main.storyboard;
			sourceTree = "<group>";
		};
		1DC24C171D4BD8A300ADF874 /* LaunchScreen.storyboard */ = {
			isa = PBXVariantGroup;
			children = (
				1DC24C181D4BD8A300ADF874 /* Base */,
			);
			name = LaunchScreen.storyboard;
			sourceTree = "<group>";
		};
/* End PBXVariantGroup section */

/* Begin XCBuildConfiguration section */
		1DC24C311D4BD8A300ADF874 /* Debug */ = {
			isa = XCBuildConfiguration;
			buildSettings = {
				ALWAYS_SEARCH_USER_PATHS = NO;
				CLANG_ANALYZER_NONNULL = YES;
				CLANG_CXX_LANGUAGE_STANDARD = "gnu++0x";
				CLANG_CXX_LIBRARY = "libc++";
				CLANG_ENABLE_MODULES = YES;
				CLANG_ENABLE_OBJC_ARC = YES;
				CLANG_WARN_BOOL_CONVERSION = YES;
				CLANG_WARN_CONSTANT_CONVERSION = YES;
				CLANG_WARN_DIRECT_OBJC_ISA_USAGE = YES_ERROR;
				CLANG_WARN_EMPTY_BODY = YES;
				CLANG_WARN_ENUM_CONVERSION = YES;
				CLANG_WARN_INT_CONVERSION = YES;
				CLANG_WARN_OBJC_ROOT_CLASS = YES_ERROR;
				CLANG_WARN_UNREACHABLE_CODE = YES;
				CLANG_WARN__DUPLICATE_METHOD_MATCH = YES;
				"CODE_SIGN_IDENTITY[sdk=iphoneos*]" = "iPhone Developer";
				COPY_PHASE_STRIP = NO;
				DEBUG_INFORMATION_FORMAT = dwarf;
				ENABLE_STRICT_OBJC_MSGSEND = YES;
				ENABLE_TESTABILITY = YES;
				GCC_C_LANGUAGE_STANDARD = gnu99;
				GCC_DYNAMIC_NO_PIC = NO;
				GCC_NO_COMMON_BLOCKS = YES;
				GCC_OPTIMIZATION_LEVEL = 0;
				GCC_PREPROCESSOR_DEFINITIONS = (
					"DEBUG=1",
					"$(inherited)",
				);
				GCC_WARN_64_TO_32_BIT_CONVERSION = YES;
				GCC_WARN_ABOUT_RETURN_TYPE = YES_ERROR;
				GCC_WARN_UNDECLARED_SELECTOR = YES;
				GCC_WARN_UNINITIALIZED_AUTOS = YES_AGGRESSIVE;
				GCC_WARN_UNUSED_FUNCTION = YES;
				GCC_WARN_UNUSED_VARIABLE = YES;
				IPHONEOS_DEPLOYMENT_TARGET = 9.3;
				MTL_ENABLE_DEBUG_INFO = YES;
				ONLY_ACTIVE_ARCH = YES;
				SDKROOT = iphoneos;
				SWIFT_OPTIMIZATION_LEVEL = "-Onone";
			};
			name = Debug;
		};
		1DC24C321D4BD8A300ADF874 /* Release */ = {
			isa = XCBuildConfiguration;
			buildSettings = {
				ALWAYS_SEARCH_USER_PATHS = NO;
				CLANG_ANALYZER_NONNULL = YES;
				CLANG_CXX_LANGUAGE_STANDARD = "gnu++0x";
				CLANG_CXX_LIBRARY = "libc++";
				CLANG_ENABLE_MODULES = YES;
				CLANG_ENABLE_OBJC_ARC = YES;
				CLANG_WARN_BOOL_CONVERSION = YES;
				CLANG_WARN_CONSTANT_CONVERSION = YES;
				CLANG_WARN_DIRECT_OBJC_ISA_USAGE = YES_ERROR;
				CLANG_WARN_EMPTY_BODY = YES;
				CLANG_WARN_ENUM_CONVERSION = YES;
				CLANG_WARN_INT_CONVERSION = YES;
				CLANG_WARN_OBJC_ROOT_CLASS = YES_ERROR;
				CLANG_WARN_UNREACHABLE_CODE = YES;
				CLANG_WARN__DUPLICATE_METHOD_MATCH = YES;
				"CODE_SIGN_IDENTITY[sdk=iphoneos*]" = "iPhone Developer";
				COPY_PHASE_STRIP = NO;
				DEBUG_INFORMATION_FORMAT = "dwarf-with-dsym";
				ENABLE_NS_ASSERTIONS = NO;
				ENABLE_STRICT_OBJC_MSGSEND = YES;
				GCC_C_LANGUAGE_STANDARD = gnu99;
				GCC_NO_COMMON_BLOCKS = YES;
				GCC_WARN_64_TO_32_BIT_CONVERSION = YES;
				GCC_WARN_ABOUT_RETURN_TYPE = YES_ERROR;
				GCC_WARN_UNDECLARED_SELECTOR = YES;
				GCC_WARN_UNINITIALIZED_AUTOS = YES_AGGRESSIVE;
				GCC_WARN_UNUSED_FUNCTION = YES;
				GCC_WARN_UNUSED_VARIABLE = YES;
				IPHONEOS_DEPLOYMENT_TARGET = 9.3;
				MTL_ENABLE_DEBUG_INFO = NO;
				SDKROOT = iphoneos;
				VALIDATE_PRODUCT = YES;
			};
			name = Release;
		};
		1DC24C341D4BD8A300ADF874 /* Debug */ = {
			isa = XCBuildConfiguration;
			baseConfigurationReference = 60DA05023B5B40D60B78179C /* Pods-sptransAPI.debug.xcconfig */;
			buildSettings = {
				ASSETCATALOG_COMPILER_APPICON_NAME = AppIcon;
				INFOPLIST_FILE = sptransAPI/Info.plist;
				LD_RUNPATH_SEARCH_PATHS = "$(inherited) @executable_path/Frameworks";
				PRODUCT_BUNDLE_IDENTIFIER = com.bienemann.prototype.sptransAPI;
				PRODUCT_NAME = "$(TARGET_NAME)";
			};
			name = Debug;
		};
		1DC24C351D4BD8A300ADF874 /* Release */ = {
			isa = XCBuildConfiguration;
			baseConfigurationReference = F0CC1A0C0F971D370BBAA738 /* Pods-sptransAPI.release.xcconfig */;
			buildSettings = {
				ASSETCATALOG_COMPILER_APPICON_NAME = AppIcon;
				INFOPLIST_FILE = sptransAPI/Info.plist;
				LD_RUNPATH_SEARCH_PATHS = "$(inherited) @executable_path/Frameworks";
				PRODUCT_BUNDLE_IDENTIFIER = com.bienemann.prototype.sptransAPI;
				PRODUCT_NAME = "$(TARGET_NAME)";
			};
			name = Release;
		};
		1DC24C371D4BD8A300ADF874 /* Debug */ = {
			isa = XCBuildConfiguration;
			baseConfigurationReference = C3A1651F1E15276903383648 /* Pods-sptransAPITests.debug.xcconfig */;
			buildSettings = {
				BUNDLE_LOADER = "$(TEST_HOST)";
				INFOPLIST_FILE = sptransAPITests/Info.plist;
				LD_RUNPATH_SEARCH_PATHS = "$(inherited) @executable_path/Frameworks @loader_path/Frameworks";
				PRODUCT_BUNDLE_IDENTIFIER = com.bienemann.prototype.sptransAPITests;
				PRODUCT_NAME = "$(TARGET_NAME)";
				TEST_HOST = "$(BUILT_PRODUCTS_DIR)/sptransAPI.app/sptransAPI";
			};
			name = Debug;
		};
		1DC24C381D4BD8A300ADF874 /* Release */ = {
			isa = XCBuildConfiguration;
			baseConfigurationReference = 875660FCD12FF9A1C10AB30B /* Pods-sptransAPITests.release.xcconfig */;
			buildSettings = {
				BUNDLE_LOADER = "$(TEST_HOST)";
				INFOPLIST_FILE = sptransAPITests/Info.plist;
				LD_RUNPATH_SEARCH_PATHS = "$(inherited) @executable_path/Frameworks @loader_path/Frameworks";
				PRODUCT_BUNDLE_IDENTIFIER = com.bienemann.prototype.sptransAPITests;
				PRODUCT_NAME = "$(TARGET_NAME)";
				TEST_HOST = "$(BUILT_PRODUCTS_DIR)/sptransAPI.app/sptransAPI";
			};
			name = Release;
		};
		1DC24C3A1D4BD8A300ADF874 /* Debug */ = {
			isa = XCBuildConfiguration;
			baseConfigurationReference = FF3FDE94F5BD2D1EBD13BE51 /* Pods-sptransAPIUITests.debug.xcconfig */;
			buildSettings = {
				INFOPLIST_FILE = sptransAPIUITests/Info.plist;
				LD_RUNPATH_SEARCH_PATHS = "$(inherited) @executable_path/Frameworks @loader_path/Frameworks";
				PRODUCT_BUNDLE_IDENTIFIER = com.bienemann.prototype.sptransAPIUITests;
				PRODUCT_NAME = "$(TARGET_NAME)";
				TEST_TARGET_NAME = sptransAPI;
			};
			name = Debug;
		};
		1DC24C3B1D4BD8A300ADF874 /* Release */ = {
			isa = XCBuildConfiguration;
			baseConfigurationReference = 9AE5DE68CD34802BBA32D249 /* Pods-sptransAPIUITests.release.xcconfig */;
			buildSettings = {
				INFOPLIST_FILE = sptransAPIUITests/Info.plist;
				LD_RUNPATH_SEARCH_PATHS = "$(inherited) @executable_path/Frameworks @loader_path/Frameworks";
				PRODUCT_BUNDLE_IDENTIFIER = com.bienemann.prototype.sptransAPIUITests;
				PRODUCT_NAME = "$(TARGET_NAME)";
				TEST_TARGET_NAME = sptransAPI;
			};
			name = Release;
		};
/* End XCBuildConfiguration section */

/* Begin XCConfigurationList section */
		1DC24C061D4BD8A300ADF874 /* Build configuration list for PBXProject "sptransAPI" */ = {
			isa = XCConfigurationList;
			buildConfigurations = (
				1DC24C311D4BD8A300ADF874 /* Debug */,
				1DC24C321D4BD8A300ADF874 /* Release */,
			);
			defaultConfigurationIsVisible = 0;
			defaultConfigurationName = Release;
		};
		1DC24C331D4BD8A300ADF874 /* Build configuration list for PBXNativeTarget "sptransAPI" */ = {
			isa = XCConfigurationList;
			buildConfigurations = (
				1DC24C341D4BD8A300ADF874 /* Debug */,
				1DC24C351D4BD8A300ADF874 /* Release */,
			);
			defaultConfigurationIsVisible = 0;
			defaultConfigurationName = Release;
		};
		1DC24C361D4BD8A300ADF874 /* Build configuration list for PBXNativeTarget "sptransAPITests" */ = {
			isa = XCConfigurationList;
			buildConfigurations = (
				1DC24C371D4BD8A300ADF874 /* Debug */,
				1DC24C381D4BD8A300ADF874 /* Release */,
			);
			defaultConfigurationIsVisible = 0;
			defaultConfigurationName = Release;
		};
		1DC24C391D4BD8A300ADF874 /* Build configuration list for PBXNativeTarget "sptransAPIUITests" */ = {
			isa = XCConfigurationList;
			buildConfigurations = (
				1DC24C3A1D4BD8A300ADF874 /* Debug */,
				1DC24C3B1D4BD8A300ADF874 /* Release */,
			);
			defaultConfigurationIsVisible = 0;
			defaultConfigurationName = Release;
		};
/* End XCConfigurationList section */
	};
	rootObject = 1DC24C031D4BD8A300ADF874 /* Project object */;
}
